<?xml version="1.0" encoding="UTF-8" standalone="yes" ?>
<CodeBlocks_project_file>
	<FileVersion major="1" minor="6" />
	<Project>
		<Option title="dvs50" />
		<Option pch_mode="2" />
		<Option default_target="dia" />
		<Option compiler="gcc" />
		<Build>
			<Target title="lib">
				<Option output="bin/libdia" prefix_auto="1" extension_auto="1" />
				<Option working_dir="bin" />
				<Option type="3" />
				<Option compiler="gcc" />
				<Option host_application="bin/dia.exe" />
				<Option run_host_application_in_terminal="0" />
				<Option createDefFile="1" />
				<Option createStaticLib="1" />
				<Compiler>
					<Add option="-std=gnu89" />
					<Add option="-DHAVE_CONFIG_H" />
				</Compiler>
				<Linker>
					<Add option="-lgtk-win32-2.0" />
					<Add option="-lgdk-win32-2.0" />
					<Add option="-latk-1.0" />
					<Add option="-lpixman-1" />
					<Add option="-lcairo" />
					<Add option="-lgdk_pixbuf-2.0" />
					<Add option="-lpango-1.0" />
					<Add option="-lpangocairo-1.0" />
					<Add option="-lpangoft2-1.0" />
					<Add option="-lpangowin32-1.0" />
					<Add option="-lintl" />
					<Add option="-lgobject-2.0" />
					<Add option="-lglib-2.0" />
					<Add option="-lfreetype" />
					<Add option="-lgmodule-2.0" />
					<Add option="-lgthread-2.0" />
					<Add option="-lgettextpo" />
					<Add option="-lpng" />
					<Add option="-lxml2" />
					<Add option="-lz" />
					<Add option="-lws2_32" />
					<Add option="-liconv" />
				</Linker>
			</Target>
			<Target title="app">
				<Option output="bin/dia-app" imp_lib="$(TARGET_OUTPUT_DIR)$(TARGET_OUTPUT_BASENAME).a" def_file="$(TARGET_OUTPUT_DIR)$(TARGET_OUTPUT_BASENAME).def" prefix_auto="1" extension_auto="1" />
				<Option working_dir="bin" />
				<Option type="3" />
				<Option compiler="gcc" />
				<Option host_application="bin/dia.exe" />
				<Option run_host_application_in_terminal="0" />
				<Option createDefFile="1" />
				<Option createStaticLib="1" />
				<Option projectLinkerOptionsRelation="2" />
				<Compiler>
					<Add option="-std=gnu89" />
					<Add option="-DHAVE_CONFIG_H" />
				</Compiler>
				<Linker>
					<Add option="-ldia" />
				</Linker>
			</Target>
			<Target title="standard">
				<Option output="dia/standard" prefix_auto="1" extension_auto="1" />
				<Option working_dir="dia" />
				<Option type="3" />
				<Option compiler="gcc" />
				<Option host_application="devel/dia-app.exe" />
				<Option run_host_application_in_terminal="1" />
				<Option createDefFile="1" />
				<Option createStaticLib="1" />
				<Option projectLinkerOptionsRelation="2" />
				<Compiler>
					<Add option="-shared" />
				</Compiler>
				<Linker>
					<Add option="-ldia" />
					<Add library="user32" />
				</Linker>
			</Target>
			<Target title="UML">
				<Option output="dia/uml" prefix_auto="1" extension_auto="1" />
				<Option working_dir="dia" />
				<Option type="3" />
				<Option compiler="gcc" />
				<Option host_application="../bin/dia.exe" />
				<Option run_host_application_in_terminal="0" />
				<Option createDefFile="1" />
				<Option createStaticLib="1" />
				<Linker>
					<Add option="-ldia" />
					<Add option="-lgtk-win32-2.0" />
					<Add option="-lgdk-win32-2.0" />
					<Add option="-latk-1.0" />
					<Add option="-lpixman-1" />
					<Add option="-lcairo" />
					<Add option="-lgdk_pixbuf-2.0" />
					<Add option="-lpango-1.0" />
					<Add option="-lpangocairo-1.0" />
					<Add option="-lpangoft2-1.0" />
					<Add option="-lpangowin32-1.0" />
					<Add option="-lintl" />
					<Add option="-lgobject-2.0" />
					<Add option="-lglib-2.0" />
					<Add option="-lfreetype" />
					<Add option="-lgmodule-2.0" />
					<Add option="-lgthread-2.0" />
					<Add option="-lgettextpo" />
					<Add option="-lpng" />
					<Add option="-lxml2" />
					<Add option="-lz" />
					<Add option="-lws2_32" />
					<Add option="-liconv" />
				</Linker>
			</Target>
			<Target title="svg">
				<Option output="dia/svg" prefix_auto="1" extension_auto="1" />
				<Option working_dir="dia" />
				<Option type="3" />
				<Option compiler="gcc" />
				<Option createDefFile="1" />
				<Option createStaticLib="1" />
				<Linker>
					<Add option="-ldia" />
					<Add option="-lgtk-win32-2.0" />
					<Add option="-lgdk-win32-2.0" />
					<Add option="-latk-1.0" />
					<Add option="-lpixman-1" />
					<Add option="-lcairo" />
					<Add option="-lgdk_pixbuf-2.0" />
					<Add option="-lpango-1.0" />
					<Add option="-lpangocairo-1.0" />
					<Add option="-lpangoft2-1.0" />
					<Add option="-lpangowin32-1.0" />
					<Add option="-lintl" />
					<Add option="-lgobject-2.0" />
					<Add option="-lglib-2.0" />
					<Add option="-lfreetype" />
					<Add option="-lgmodule-2.0" />
					<Add option="-lgthread-2.0" />
					<Add option="-lgettextpo" />
					<Add option="-lpng" />
					<Add option="-lxml2" />
					<Add option="-lz" />
					<Add option="-lws2_32" />
				</Linker>
			</Target>
			<Target title="shape">
				<Option output="dia/shape" prefix_auto="1" extension_auto="1" />
				<Option working_dir="dia" />
				<Option type="3" />
				<Option compiler="gcc" />
				<Option createDefFile="1" />
				<Option createStaticLib="1" />
				<Linker>
					<Add option="-ldia" />
					<Add option="-lgtk-win32-2.0" />
					<Add option="-lgdk-win32-2.0" />
					<Add option="-latk-1.0" />
					<Add option="-lpixman-1" />
					<Add option="-lcairo" />
					<Add option="-lgdk_pixbuf-2.0" />
					<Add option="-lpango-1.0" />
					<Add option="-lpangocairo-1.0" />
					<Add option="-lpangoft2-1.0" />
					<Add option="-lpangowin32-1.0" />
					<Add option="-lintl" />
					<Add option="-lgobject-2.0" />
					<Add option="-lglib-2.0" />
					<Add option="-lfreetype" />
					<Add option="-lgmodule-2.0" />
					<Add option="-lgthread-2.0" />
					<Add option="-lgettextpo" />
					<Add option="-lpng" />
					<Add option="-lxml2" />
					<Add option="-lz" />
					<Add option="-lws2_32" />
				</Linker>
			</Target>
			<Target title="dia">
				<Option output="bin/dia" prefix_auto="1" extension_auto="1" />
				<Option working_dir="bin" />
				<Option type="0" />
				<Option compiler="gcc" />
				<Linker>
					<Add option="-ldia-app" />
				</Linker>
			</Target>
			<Target title="Struct">
				<Option output="dia/struct" imp_lib="$(TARGET_OUTPUT_DIR)$(TARGET_OUTPUT_BASENAME).a" def_file="$(TARGET_OUTPUT_DIR)$(TARGET_OUTPUT_BASENAME).def" prefix_auto="1" extension_auto="1" />
				<Option working_dir="dia" />
				<Option type="3" />
				<Option compiler="gcc" />
				<Option createDefFile="1" />
				<Option createStaticLib="1" />
				<Option projectLinkerOptionsRelation="2" />
				<Linker>
					<Add option="-ldia" />
				</Linker>
			</Target>
		</Build>
		<VirtualTargets>
			<Add alias="All" targets="lib;app;standard;UML;svg;shape;dia;Struct;" />
			<Add alias="objects" targets="standard;UML;Struct;" />
			<Add alias="plug-ins" targets="svg;shape;" />
		</VirtualTargets>
		<Compiler>
			<Add option="-Wall" />
			<Add option="-g" />
			<Add option="-std=gnu89" />
			<Add option="-DHAVE_CONFIG_H" />
			<Add directory="." />
			<Add directory="lib" />
			<Add directory="app" />
		</Compiler>
		<Linker>
			<Add option="-lgtk-win32-2.0" />
			<Add option="-lgdk-win32-2.0" />
			<Add option="-latk-1.0" />
			<Add option="-lpixman-1" />
			<Add option="-lcairo" />
			<Add option="-lgdk_pixbuf-2.0" />
			<Add option="-lpango-1.0" />
			<Add option="-lpangocairo-1.0" />
			<Add option="-lpangoft2-1.0" />
			<Add option="-lpangowin32-1.0" />
			<Add option="-lintl" />
			<Add option="-lgobject-2.0" />
			<Add option="-lglib-2.0" />
			<Add option="-lfreetype" />
			<Add option="-lgmodule-2.0" />
			<Add option="-lgthread-2.0" />
			<Add option="-lgettextpo" />
			<Add option="-lpng" />
			<Add option="-lxml2" />
			<Add option="-lz" />
			<Add option="-lws2_32" />
			<Add option="-liconv" />
			<Add directory="bin" />
		</Linker>
		<Unit filename="app/app_procs.c">
			<Option compilerVar="CC" />
			<Option target="app" />
		</Unit>
		<Unit filename="app/app_procs.h">
			<Option target="app" />
		</Unit>
		<Unit filename="app/authors.h">
			<Option target="app" />
		</Unit>
		<Unit filename="app/autosave.c">
			<Option compilerVar="CC" />
			<Option target="app" />
		</Unit>
		<Unit filename="app/autosave.h">
			<Option target="app" />
		</Unit>
		<Unit filename="app/color_area.c">
			<Option compilerVar="CC" />
			<Option target="app" />
		</Unit>
		<Unit filename="app/color_area.h">
			<Option target="app" />
		</Unit>
		<Unit filename="app/commands.c">
			<Option compilerVar="CC" />
			<Option target="app" />
		</Unit>
		<Unit filename="app/commands.h">
			<Option target="app" />
		</Unit>
		<Unit filename="app/confirm.c">
			<Option compilerVar="CC" />
			<Option target="app" />
		</Unit>
		<Unit filename="app/confirm.h">
			<Option target="app" />
		</Unit>
		<Unit filename="app/connectionpoint_ops.c">
			<Option compilerVar="CC" />
			<Option target="app" />
		</Unit>
		<Unit filename="app/connectionpoint_ops.h">
			<Option target="app" />
		</Unit>
		<Unit filename="app/create_object.c">
			<Option compilerVar="CC" />
			<Option target="app" />
		</Unit>
		<Unit filename="app/create_object.h">
			<Option target="app" />
		</Unit>
		<Unit filename="app/cursor.c">
			<Option compilerVar="CC" />
			<Option target="app" />
		</Unit>
		<Unit filename="app/cursor.h">
			<Option target="app" />
		</Unit>
		<Unit filename="app/cut_n_paste.c">
			<Option compilerVar="CC" />
			<Option target="app" />
		</Unit>
		<Unit filename="app/cut_n_paste.h">
			<Option target="app" />
		</Unit>
		<Unit filename="app/defaults.c">
			<Option compilerVar="CC" />
			<Option target="app" />
		</Unit>
		<Unit filename="app/defaults.h">
			<Option target="app" />
		</Unit>
		<Unit filename="app/dia-app-icons.h">
			<Option target="app" />
		</Unit>
		<Unit filename="app/dia-props.c">
			<Option compilerVar="CC" />
			<Option target="app" />
		</Unit>
		<Unit filename="app/dia-props.h">
			<Option target="app" />
		</Unit>
		<Unit filename="app/diacanvas.c">
			<Option compilerVar="CC" />
			<Option target="app" />
		</Unit>
		<Unit filename="app/diacanvas.h">
			<Option target="app" />
		</Unit>
		<Unit filename="app/diagram.c">
			<Option compilerVar="CC" />
			<Option target="app" />
		</Unit>
		<Unit filename="app/diagram.h">
			<Option target="app" />
		</Unit>
		<Unit filename="app/diagram_tree.c">
			<Option compilerVar="CC" />
			<Option target="app" />
		</Unit>
		<Unit filename="app/diagram_tree.h">
			<Option target="app" />
		</Unit>
		<Unit filename="app/diagram_tree_menu.c">
			<Option compilerVar="CC" />
			<Option target="app" />
		</Unit>
		<Unit filename="app/diagram_tree_menu.h">
			<Option target="app" />
		</Unit>
		<Unit filename="app/diagram_tree_menu_callbacks.c">
			<Option compilerVar="CC" />
			<Option target="app" />
		</Unit>
		<Unit filename="app/diagram_tree_menu_callbacks.h">
			<Option target="app" />
		</Unit>
		<Unit filename="app/diagram_tree_window.c">
			<Option compilerVar="CC" />
			<Option target="app" />
		</Unit>
		<Unit filename="app/diagram_tree_window.h">
			<Option target="app" />
		</Unit>
		<Unit filename="app/diagrid.h">
			<Option target="app" />
		</Unit>
		<Unit filename="app/diapagelayout.c">
			<Option compilerVar="CC" />
			<Option target="app" />
		</Unit>
		<Unit filename="app/diapagelayout.h">
			<Option target="app" />
		</Unit>
		<Unit filename="app/disp_callbacks.c">
			<Option compilerVar="CC" />
			<Option target="app" />
		</Unit>
		<Unit filename="app/disp_callbacks.h">
			<Option target="app" />
		</Unit>
		<Unit filename="app/display.c">
			<Option compilerVar="CC" />
			<Option target="app" />
		</Unit>
		<Unit filename="app/display.h">
			<Option target="app" />
		</Unit>
		<Unit filename="app/dynamic_refresh.c">
			<Option compilerVar="CC" />
			<Option target="app" />
		</Unit>
		<Unit filename="app/dynamic_refresh.h">
			<Option target="app" />
		</Unit>
		<Unit filename="app/exit_dialog.c">
			<Option compilerVar="CC" />
			<Option target="app" />
		</Unit>
		<Unit filename="app/exit_dialog.h">
			<Option target="app" />
		</Unit>
		<Unit filename="app/filedlg.c">
			<Option compilerVar="CC" />
			<Option target="app" />
		</Unit>
		<Unit filename="app/filedlg.h">
			<Option target="app" />
		</Unit>
		<Unit filename="app/find-and-replace.c">
			<Option compilerVar="CC" />
			<Option target="app" />
		</Unit>
		<Unit filename="app/find-and-replace.h">
			<Option target="app" />
		</Unit>
		<Unit filename="app/grid.c">
			<Option compilerVar="CC" />
			<Option target="app" />
		</Unit>
		<Unit filename="app/grid.h">
			<Option target="app" />
		</Unit>
		<Unit filename="app/gtkhwrapbox.c">
			<Option compilerVar="CC" />
			<Option target="app" />
		</Unit>
		<Unit filename="app/gtkhwrapbox.h">
			<Option target="app" />
		</Unit>
		<Unit filename="app/gtkvwrapbox.c">
			<Option compilerVar="CC" />
			<Option target="app" />
		</Unit>
		<Unit filename="app/gtkvwrapbox.h">
			<Option target="app" />
		</Unit>
		<Unit filename="app/gtkwrapbox.c">
			<Option compilerVar="CC" />
			<Option target="app" />
		</Unit>
		<Unit filename="app/gtkwrapbox.h">
			<Option target="app" />
		</Unit>
		<Unit filename="app/handle_ops.c">
			<Option compilerVar="CC" />
			<Option target="app" />
		</Unit>
		<Unit filename="app/handle_ops.h">
			<Option target="app" />
		</Unit>
		<Unit filename="app/highlight.c">
			<Option compilerVar="CC" />
			<Option target="app" />
		</Unit>
		<Unit filename="app/highlight.h">
			<Option target="app" />
		</Unit>
		<Unit filename="app/interface.c">
			<Option compilerVar="CC" />
			<Option target="app" />
		</Unit>
		<Unit filename="app/interface.h">
			<Option target="app" />
		</Unit>
		<Unit filename="app/layer_dialog.c">
			<Option compilerVar="CC" />
			<Option target="app" />
		</Unit>
		<Unit filename="app/layer_dialog.h">
			<Option target="app" />
		</Unit>
		<Unit filename="app/linewidth_area.c">
			<Option compilerVar="CC" />
			<Option target="app" />
		</Unit>
		<Unit filename="app/linewidth_area.h">
			<Option target="app" />
		</Unit>
		<Unit filename="app/load_save.c">
			<Option compilerVar="CC" />
			<Option target="app" />
		</Unit>
		<Unit filename="app/load_save.h">
			<Option target="app" />
		</Unit>
		<Unit filename="app/magnify.c">
			<Option compilerVar="CC" />
			<Option target="app" />
		</Unit>
		<Unit filename="app/magnify.h">
			<Option target="app" />
		</Unit>
		<Unit filename="app/main.c">
			<Option compilerVar="CC" />
			<Option target="dia" />
		</Unit>
		<Unit filename="app/menus.c">
			<Option compilerVar="CC" />
			<Option target="app" />
		</Unit>
		<Unit filename="app/menus.h">
			<Option target="app" />
		</Unit>
		<Unit filename="app/modify_tool.c">
			<Option compilerVar="CC" />
			<Option target="app" />
		</Unit>
		<Unit filename="app/modify_tool.h">
			<Option target="app" />
		</Unit>
		<Unit filename="app/navigation.c">
			<Option compilerVar="CC" />
			<Option target="app" />
		</Unit>
		<Unit filename="app/navigation.h">
			<Option target="app" />
		</Unit>
		<Unit filename="app/object_ops.c">
			<Option compilerVar="CC" />
			<Option target="app" />
		</Unit>
		<Unit filename="app/object_ops.h">
			<Option target="app" />
		</Unit>
		<Unit filename="app/pagesetup.c">
			<Option compilerVar="CC" />
			<Option target="app" />
		</Unit>
		<Unit filename="app/pagesetup.h">
			<Option target="app" />
		</Unit>
		<Unit filename="app/plugin-manager.c">
			<Option compilerVar="CC" />
			<Option target="app" />
		</Unit>
		<Unit filename="app/plugin-manager.h">
			<Option target="app" />
		</Unit>
		<Unit filename="app/preferences.c">
			<Option compilerVar="CC" />
			<Option target="app" />
		</Unit>
		<Unit filename="app/preferences.h">
			<Option target="app" />
		</Unit>
		<Unit filename="app/properties-dialog.c">
			<Option compilerVar="CC" />
			<Option target="app" />
		</Unit>
		<Unit filename="app/properties-dialog.h">
			<Option target="app" />
		</Unit>
		<Unit filename="app/recent_files.c">
			<Option compilerVar="CC" />
			<Option target="app" />
		</Unit>
		<Unit filename="app/recent_files.h">
			<Option target="app" />
		</Unit>
		<Unit filename="app/render_gdk.c">
			<Option compilerVar="CC" />
			<Option target="app" />
		</Unit>
		<Unit filename="app/render_gdk.h">
			<Option target="app" />
		</Unit>
		<Unit filename="app/scroll_tool.c">
			<Option compilerVar="CC" />
			<Option target="app" />
		</Unit>
		<Unit filename="app/scroll_tool.h">
			<Option target="app" />
		</Unit>
		<Unit filename="app/select.c">
			<Option compilerVar="CC" />
			<Option target="app" />
		</Unit>
		<Unit filename="app/select.h">
			<Option target="app" />
		</Unit>
		<Unit filename="app/sheets.c">
			<Option compilerVar="CC" />
			<Option target="app" />
		</Unit>
		<Unit filename="app/sheets.h">
			<Option target="app" />
		</Unit>
		<Unit filename="app/sheets_dialog.c">
			<Option compilerVar="CC" />
			<Option target="app" />
		</Unit>
		<Unit filename="app/sheets_dialog.h">
			<Option target="app" />
		</Unit>
		<Unit filename="app/sheets_dialog_callbacks.c">
			<Option compilerVar="CC" />
			<Option target="app" />
		</Unit>
		<Unit filename="app/sheets_dialog_callbacks.h">
			<Option target="app" />
		</Unit>
		<Unit filename="app/splash.c">
			<Option compilerVar="CC" />
			<Option target="app" />
		</Unit>
		<Unit filename="app/textedit.c">
			<Option compilerVar="CC" />
			<Option target="app" />
		</Unit>
		<Unit filename="app/textedit.h">
			<Option target="app" />
		</Unit>
		<Unit filename="app/textedit_tool.c">
			<Option compilerVar="CC" />
			<Option target="app" />
		</Unit>
		<Unit filename="app/textedit_tool.h">
			<Option target="app" />
		</Unit>
		<Unit filename="app/tool.c">
			<Option compilerVar="CC" />
			<Option target="app" />
		</Unit>
		<Unit filename="app/tool.h">
			<Option target="app" />
		</Unit>
		<Unit filename="app/undo.c">
			<Option compilerVar="CC" />
			<Option target="app" />
		</Unit>
		<Unit filename="app/undo.h">
			<Option target="app" />
		</Unit>
		<Unit filename="app/winmain.c">
			<Option compilerVar="CC" />
			<Option target="app" />
		</Unit>
		<Unit filename="config.h">
			<Option target="lib" />
			<Option target="app" />
			<Option target="standard" />
			<Option target="UML" />
			<Option target="svg" />
			<Option target="shape" />
		</Unit>
		<Unit filename="lib/arrows.c">
			<Option compilerVar="CC" />
			<Option target="lib" />
		</Unit>
		<Unit filename="lib/arrows.h">
			<Option target="lib" />
		</Unit>
		<Unit filename="lib/attributes.c">
			<Option compilerVar="CC" />
			<Option target="lib" />
		</Unit>
		<Unit filename="lib/attributes.h">
			<Option target="lib" />
		</Unit>
		<Unit filename="lib/autoroute.c">
			<Option compilerVar="CC" />
			<Option target="lib" />
		</Unit>
		<Unit filename="lib/autoroute.h">
			<Option target="lib" />
		</Unit>
		<Unit filename="lib/bezier_conn.c">
			<Option compilerVar="CC" />
			<Option target="lib" />
		</Unit>
		<Unit filename="lib/bezier_conn.h">
			<Option target="lib" />
		</Unit>
		<Unit filename="lib/beziershape.c">
			<Option compilerVar="CC" />
			<Option target="lib" />
		</Unit>
		<Unit filename="lib/beziershape.h">
			<Option target="lib" />
		</Unit>
		<Unit filename="lib/boundingbox.c">
			<Option compilerVar="CC" />
			<Option target="lib" />
		</Unit>
		<Unit filename="lib/boundingbox.h">
			<Option target="lib" />
		</Unit>
		<Unit filename="lib/color.c">
			<Option compilerVar="CC" />
			<Option target="lib" />
		</Unit>
		<Unit filename="lib/color.h">
			<Option target="lib" />
		</Unit>
		<Unit filename="lib/connection.c">
			<Option compilerVar="CC" />
			<Option target="lib" />
		</Unit>
		<Unit filename="lib/connection.h">
			<Option target="lib" />
		</Unit>
		<Unit filename="lib/connectionpoint.c">
			<Option compilerVar="CC" />
			<Option target="lib" />
		</Unit>
		<Unit filename="lib/connectionpoint.h">
			<Option target="lib" />
		</Unit>
		<Unit filename="lib/connpoint_line.c">
			<Option compilerVar="CC" />
			<Option target="lib" />
		</Unit>
		<Unit filename="lib/connpoint_line.h">
			<Option target="lib" />
		</Unit>
		<Unit filename="lib/create.c">
			<Option compilerVar="CC" />
			<Option target="lib" />
		</Unit>
		<Unit filename="lib/create.h">
			<Option target="lib" />
		</Unit>
		<Unit filename="lib/debug.c">
			<Option compilerVar="CC" />
			<Option target="lib" />
		</Unit>
		<Unit filename="lib/debug.h">
			<Option target="lib" />
		</Unit>
		<Unit filename="lib/dia-enums.h">
			<Option target="lib" />
		</Unit>
		<Unit filename="lib/dia-lib-icons.h">
			<Option target="lib" />
		</Unit>
		<Unit filename="lib/dia_dirs.c">
			<Option compilerVar="CC" />
			<Option target="lib" />
		</Unit>
		<Unit filename="lib/dia_dirs.h">
			<Option target="lib" />
		</Unit>
		<Unit filename="lib/dia_image.c">
			<Option compilerVar="CC" />
			<Option target="lib" />
		</Unit>
		<Unit filename="lib/dia_image.h">
			<Option target="lib" />
		</Unit>
		<Unit filename="lib/dia_svg.c">
			<Option compilerVar="CC" />
			<Option target="lib" />
		</Unit>
		<Unit filename="lib/dia_svg.h">
			<Option target="lib" />
		</Unit>
		<Unit filename="lib/dia_xml.c">
			<Option compilerVar="CC" />
			<Option target="lib" />
		</Unit>
		<Unit filename="lib/dia_xml.h">
			<Option target="lib" />
		</Unit>
		<Unit filename="lib/dia_xml_libxml.h">
			<Option target="lib" />
		</Unit>
		<Unit filename="lib/diaarrowchooser.c">
			<Option compilerVar="CC" />
			<Option target="lib" />
		</Unit>
		<Unit filename="lib/diaarrowchooser.h">
			<Option target="lib" />
		</Unit>
		<Unit filename="lib/diacellrendererproperty.c">
			<Option compilerVar="CC" />
			<Option target="lib" />
		</Unit>
		<Unit filename="lib/diacellrendererproperty.h">
			<Option target="lib" />
		</Unit>
		<Unit filename="lib/diaerror.c">
			<Option compilerVar="CC" />
			<Option target="lib" />
		</Unit>
		<Unit filename="lib/diaerror.h">
			<Option target="lib" />
		</Unit>
		<Unit filename="lib/diagdkrenderer.c">
			<Option compilerVar="CC" />
			<Option target="lib" />
		</Unit>
		<Unit filename="lib/diagdkrenderer.h">
			<Option target="lib" />
		</Unit>
		<Unit filename="lib/diagramdata.c">
			<Option compilerVar="CC" />
			<Option target="lib" />
		</Unit>
		<Unit filename="lib/diagramdata.h">
			<Option target="lib" />
		</Unit>
		<Unit filename="lib/diainteractiverenderer.c">
			<Option compilerVar="CC" />
			<Option target="lib" />
		</Unit>
		<Unit filename="lib/dialib.c">
			<Option compilerVar="CC" />
			<Option target="lib" />
		</Unit>
		<Unit filename="lib/dialib.h">
			<Option target="lib" />
		</Unit>
		<Unit filename="lib/dialinechooser.c">
			<Option compilerVar="CC" />
			<Option target="lib" />
		</Unit>
		<Unit filename="lib/dialinechooser.h">
			<Option target="lib" />
		</Unit>
		<Unit filename="lib/dialogs.c">
			<Option compilerVar="CC" />
			<Option target="lib" />
		</Unit>
		<Unit filename="lib/dialogs.h">
			<Option target="lib" />
		</Unit>
		<Unit filename="lib/diamarshal.c">
			<Option compilerVar="CC" />
			<Option target="lib" />
		</Unit>
		<Unit filename="lib/diamarshal.h">
			<Option target="lib" />
		</Unit>
		<Unit filename="lib/diamenu.h">
			<Option target="lib" />
		</Unit>
		<Unit filename="lib/diarenderer.c">
			<Option compilerVar="CC" />
			<Option target="lib" />
		</Unit>
		<Unit filename="lib/diarenderer.h">
			<Option target="lib" />
		</Unit>
		<Unit filename="lib/diasvgrenderer.c">
			<Option compilerVar="CC" />
			<Option target="lib" />
		</Unit>
		<Unit filename="lib/diasvgrenderer.h">
			<Option target="lib" />
		</Unit>
		<Unit filename="lib/diatransform.c">
			<Option compilerVar="CC" />
			<Option target="lib" />
		</Unit>
		<Unit filename="lib/diatransform.h">
			<Option target="lib" />
		</Unit>
		<Unit filename="lib/diatypes.h">
			<Option target="lib" />
		</Unit>
		<Unit filename="lib/diavar.h">
			<Option target="lib" />
		</Unit>
		<Unit filename="lib/dummy_dep.h">
			<Option target="lib" />
		</Unit>
		<Unit filename="lib/dynamic_obj.c">
			<Option compilerVar="CC" />
			<Option target="lib" />
		</Unit>
		<Unit filename="lib/dynamic_obj.h">
			<Option target="lib" />
		</Unit>
		<Unit filename="lib/element.c">
			<Option compilerVar="CC" />
			<Option target="lib" />
		</Unit>
		<Unit filename="lib/element.h">
			<Option target="lib" />
		</Unit>
		<Unit filename="lib/filter.c">
			<Option compilerVar="CC" />
			<Option target="lib" />
		</Unit>
		<Unit filename="lib/filter.h">
			<Option target="lib" />
		</Unit>
		<Unit filename="lib/focus.c">
			<Option compilerVar="CC" />
			<Option target="lib" />
		</Unit>
		<Unit filename="lib/focus.h">
			<Option target="lib" />
		</Unit>
		<Unit filename="lib/font.c">
			<Option compilerVar="CC" />
			<Option target="lib" />
		</Unit>
		<Unit filename="lib/font.h">
			<Option target="lib" />
		</Unit>
		<Unit filename="lib/geometry.c">
			<Option compilerVar="CC" />
			<Option target="lib" />
		</Unit>
		<Unit filename="lib/geometry.h">
			<Option target="lib" />
		</Unit>
		<Unit filename="lib/group.c">
			<Option compilerVar="CC" />
			<Option target="lib" />
		</Unit>
		<Unit filename="lib/group.h">
			<Option target="lib" />
		</Unit>
		<Unit filename="lib/handle.h">
			<Option target="lib" />
		</Unit>
		<Unit filename="lib/intl.c">
			<Option compilerVar="CC" />
			<Option target="lib" />
		</Unit>
		<Unit filename="lib/intl.h">
			<Option target="lib" />
		</Unit>
		<Unit filename="lib/layer.c">
			<Option compilerVar="CC" />
			<Option target="lib" />
		</Unit>
		<Unit filename="lib/message.c">
			<Option compilerVar="CC" />
			<Option target="lib" />
		</Unit>
		<Unit filename="lib/message.h">
			<Option target="lib" />
		</Unit>
		<Unit filename="lib/newgroup.c">
			<Option compilerVar="CC" />
			<Option target="lib" />
		</Unit>
		<Unit filename="lib/newgroup.h">
			<Option target="lib" />
		</Unit>
		<Unit filename="lib/neworth_conn.c">
			<Option compilerVar="CC" />
			<Option target="lib" />
		</Unit>
		<Unit filename="lib/neworth_conn.h">
			<Option target="lib" />
		</Unit>
		<Unit filename="lib/objchange.c">
			<Option compilerVar="CC" />
			<Option target="lib" />
		</Unit>
		<Unit filename="lib/objchange.h">
			<Option target="lib" />
		</Unit>
		<Unit filename="lib/object.c">
			<Option compilerVar="CC" />
			<Option target="lib" />
		</Unit>
		<Unit filename="lib/object.h">
			<Option target="lib" />
		</Unit>
		<Unit filename="lib/object_defaults.c">
			<Option compilerVar="CC" />
			<Option target="lib" />
		</Unit>
		<Unit filename="lib/orth_conn.c">
			<Option compilerVar="CC" />
			<Option target="lib" />
		</Unit>
		<Unit filename="lib/orth_conn.h">
			<Option target="lib" />
		</Unit>
		<Unit filename="lib/paper.c">
			<Option compilerVar="CC" />
			<Option target="lib" />
		</Unit>
		<Unit filename="lib/paper.h">
			<Option target="lib" />
		</Unit>
		<Unit filename="lib/parent.c">
			<Option compilerVar="CC" />
			<Option target="lib" />
		</Unit>
		<Unit filename="lib/parent.h">
			<Option target="lib" />
		</Unit>
		<Unit filename="lib/persistence.c">
			<Option compilerVar="CC" />
			<Option target="lib" />
		</Unit>
		<Unit filename="lib/persistence.h">
			<Option target="lib" />
		</Unit>
		<Unit filename="lib/plug-ins.c">
			<Option compilerVar="CC" />
			<Option target="lib" />
		</Unit>
		<Unit filename="lib/plug-ins.h">
			<Option target="lib" />
		</Unit>
		<Unit filename="lib/poly_conn.c">
			<Option compilerVar="CC" />
			<Option target="lib" />
		</Unit>
		<Unit filename="lib/poly_conn.h">
			<Option target="lib" />
		</Unit>
		<Unit filename="lib/polyshape.c">
			<Option compilerVar="CC" />
			<Option target="lib" />
		</Unit>
		<Unit filename="lib/polyshape.h">
			<Option target="lib" />
		</Unit>
		<Unit filename="lib/prefs.c">
			<Option compilerVar="CC" />
			<Option target="lib" />
		</Unit>
		<Unit filename="lib/prefs.h">
			<Option target="lib" />
		</Unit>
		<Unit filename="lib/prop_attr.c">
			<Option compilerVar="CC" />
			<Option target="lib" />
		</Unit>
		<Unit filename="lib/prop_attr.h">
			<Option target="lib" />
		</Unit>
		<Unit filename="lib/prop_basic.c">
			<Option compilerVar="CC" />
			<Option target="lib" />
		</Unit>
		<Unit filename="lib/prop_basic.h">
			<Option target="lib" />
		</Unit>
		<Unit filename="lib/prop_dict.c">
			<Option compilerVar="CC" />
			<Option target="lib" />
		</Unit>
		<Unit filename="lib/prop_dict.h">
			<Option target="lib" />
		</Unit>
		<Unit filename="lib/prop_geomtypes.c">
			<Option compilerVar="CC" />
			<Option target="lib" />
		</Unit>
		<Unit filename="lib/prop_geomtypes.h">
			<Option target="lib" />
		</Unit>
		<Unit filename="lib/prop_inttypes.c">
			<Option compilerVar="CC" />
			<Option target="lib" />
		</Unit>
		<Unit filename="lib/prop_inttypes.h">
			<Option target="lib" />
		</Unit>
		<Unit filename="lib/prop_sdarray.c">
			<Option compilerVar="CC" />
			<Option target="lib" />
		</Unit>
		<Unit filename="lib/prop_sdarray.h">
			<Option target="lib" />
		</Unit>
		<Unit filename="lib/prop_text.c">
			<Option compilerVar="CC" />
			<Option target="lib" />
		</Unit>
		<Unit filename="lib/prop_text.h">
			<Option target="lib" />
		</Unit>
		<Unit filename="lib/prop_widgets.c">
			<Option compilerVar="CC" />
			<Option target="lib" />
		</Unit>
		<Unit filename="lib/prop_widgets.h">
			<Option target="lib" />
		</Unit>
		<Unit filename="lib/propdesc.c">
			<Option compilerVar="CC" />
			<Option target="lib" />
		</Unit>
		<Unit filename="lib/propdialogs.c">
			<Option compilerVar="CC" />
			<Option target="lib" />
		</Unit>
		<Unit filename="lib/properties.c">
			<Option compilerVar="CC" />
			<Option target="lib" />
		</Unit>
		<Unit filename="lib/properties.h">
			<Option target="lib" />
		</Unit>
		<Unit filename="lib/propinternals.h">
			<Option target="lib" />
		</Unit>
		<Unit filename="lib/proplist.c">
			<Option compilerVar="CC" />
			<Option target="lib" />
		</Unit>
		<Unit filename="lib/propobject.c">
			<Option compilerVar="CC" />
			<Option target="lib" />
		</Unit>
		<Unit filename="lib/propoffsets.c">
			<Option compilerVar="CC" />
			<Option target="lib" />
		</Unit>
		<Unit filename="lib/propregistry.c">
			<Option compilerVar="CC" />
			<Option target="lib" />
		</Unit>
		<Unit filename="lib/render_pixmap.c">
			<Option compilerVar="CC" />
			<Option target="lib" />
		</Unit>
		<Unit filename="lib/render_pixmap.h">
			<Option target="lib" />
		</Unit>
		<Unit filename="lib/sheet.c">
			<Option compilerVar="CC" />
			<Option target="lib" />
		</Unit>
		<Unit filename="lib/sheet.h">
			<Option target="lib" />
		</Unit>
		<Unit filename="lib/text.c">
			<Option compilerVar="CC" />
			<Option target="lib" />
		</Unit>
		<Unit filename="lib/text.h">
			<Option target="lib" />
		</Unit>
		<Unit filename="lib/textattr.h">
			<Option target="lib" />
		</Unit>
		<Unit filename="lib/textline.c">
			<Option compilerVar="CC" />
			<Option target="lib" />
		</Unit>
		<Unit filename="lib/textline.h">
			<Option target="lib" />
		</Unit>
		<Unit filename="lib/units.c">
			<Option compilerVar="CC" />
			<Option target="lib" />
		</Unit>
		<Unit filename="lib/units.h">
			<Option target="lib" />
		</Unit>
		<Unit filename="lib/utils.c">
			<Option compilerVar="CC" />
			<Option target="lib" />
		</Unit>
		<Unit filename="lib/utils.h">
			<Option target="lib" />
		</Unit>
		<Unit filename="lib/widgets.c">
			<Option compilerVar="CC" />
			<Option target="lib" />
		</Unit>
		<Unit filename="lib/widgets.h">
			<Option target="lib" />
		</Unit>
		<Unit filename="objects/Struct/struct.c">
			<Option compilerVar="CC" />
			<Option target="Struct" />
		</Unit>
		<Unit filename="objects/Struct/struct.h">
			<Option target="Struct" />
		</Unit>
		<Unit filename="objects/Struct/struct_class.c">
			<Option compilerVar="CC" />
			<Option target="Struct" />
		</Unit>
		<Unit filename="objects/Struct/struct_class.h">
			<Option target="Struct" />
		</Unit>
		<Unit filename="objects/Struct/struct_dialog.c">
			<Option compilerVar="CC" />
			<Option target="Struct" />
		</Unit>
		<Unit filename="objects/Struct/structattribute.c">
			<Option compilerVar="CC" />
			<Option target="Struct" />
		</Unit>
		<Unit filename="objects/Struct/structformalparameter.c">
			<Option compilerVar="CC" />
			<Option target="Struct" />
		</Unit>
		<Unit filename="objects/Struct/structoperation.c">
			<Option compilerVar="CC" />
			<Option target="Struct" />
		</Unit>
		<Unit filename="objects/Struct/structparameter.c">
			<Option compilerVar="CC" />
			<Option target="Struct" />
		</Unit>
		<Unit filename="objects/UML/class.h">
			<Option target="UML" />
		</Unit>
		<Unit filename="objects/UML/stereotype.h">
			<Option target="UML" />
		</Unit>
		<Unit filename="objects/UML/uml.h">
			<Option target="UML" />
		</Unit>
		<Unit filename="objects/standard/arc.c">
			<Option compilerVar="CC" />
			<Option target="standard" />
		</Unit>
		<Unit filename="objects/standard/bezier.c">
			<Option compilerVar="CC" />
			<Option target="standard" />
		</Unit>
		<Unit filename="objects/standard/beziergon.c">
			<Option compilerVar="CC" />
			<Option target="standard" />
		</Unit>
		<Unit filename="objects/standard/box.c">
			<Option compilerVar="CC" />
			<Option target="standard" />
		</Unit>
		<Unit filename="objects/standard/ellipse.c">
			<Option compilerVar="CC" />
			<Option target="standard" />
		</Unit>
		<Unit filename="objects/standard/image.c">
			<Option compilerVar="CC" />
			<Option target="standard" />
		</Unit>
		<Unit filename="objects/standard/line.c">
			<Option compilerVar="CC" />
			<Option target="standard" />
		</Unit>
		<Unit filename="objects/standard/outline.c">
			<Option compilerVar="CC" />
			<Option target="standard" />
		</Unit>
		<Unit filename="objects/standard/polygon.c">
			<Option compilerVar="CC" />
			<Option target="standard" />
		</Unit>
		<Unit filename="objects/standard/polyline.c">
			<Option compilerVar="CC" />
			<Option target="standard" />
		</Unit>
		<Unit filename="objects/standard/standard.c">
			<Option compilerVar="CC" />
			<Option target="standard" />
		</Unit>
		<Unit filename="objects/standard/textobj.c">
			<Option compilerVar="CC" />
			<Option target="standard" />
		</Unit>
		<Unit filename="objects/standard/tool-icons.h">
			<Option target="standard" />
		</Unit>
		<Unit filename="objects/standard/zigzagline.c">
			<Option compilerVar="CC" />
			<Option target="standard" />
		</Unit>
		<Unit filename="plug-ins/shape/shape-export.c">
			<Option compilerVar="CC" />
			<Option target="shape" />
		</Unit>
		<Unit filename="plug-ins/shape/shape.c">
			<Option compilerVar="CC" />
			<Option target="shape" />
		</Unit>
		<Unit filename="plug-ins/svg/render_svg.c">
			<Option compilerVar="CC" />
			<Option target="svg" />
		</Unit>
		<Unit filename="plug-ins/svg/svg-import.c">
			<Option compilerVar="CC" />
			<Option target="svg" />
		</Unit>
		<Unit filename="plug-ins/svg/svg.c">
			<Option compilerVar="CC" />
			<Option target="svg" />
		</Unit>
		<Extensions>
			<code_completion />
			<envvars />
			<debugger />
			<lib_finder disable_auto="1" />
			<DoxyBlocks>
				<comment_style block="0" line="0" />
				<doxyfile_project />
				<doxyfile_build />
				<doxyfile_warnings />
				<doxyfile_output />
				<doxyfile_dot />
				<general />
			</DoxyBlocks>
		</Extensions>
	</Project>
</CodeBlocks_project_file>
